
Microsoft Visual Studio Solution File, Format Version 11.00
# Visual Studio 2010
Project("{FAE04EC0-301F-11D3-BF4B-00C04F79EFBC}") = "BankingWPFDesktopVersion", "BankingWPFDesktopVersion\BankingWPFDesktopVersion.csproj", "{A4900713-9050-4101-AB34-0A94CA548AF9}"
EndProject
Global
	GlobalSection(SolutionConfigurationPlatforms) = preSolution
		Debug|x86 = Debug|x86
		Release|x86 = Release|x86
	EndGlobalSection
	GlobalSection(ProjectConfigurationPlatforms) = postSolution
		{A4900713-9050-4101-AB34-0A94CA548AF9}.Debug|x86.ActiveCfg = Debug|x86
		{A4900713-9050-4101-AB34-0A94CA548AF9}.Debug|x86.Build.0 = Debug|x86
		{A4900713-9050-4101-AB34-0A94CA548AF9}.Release|x86.ActiveCfg = Release|x86
		{A4900713-9050-4101-AB34-0A94CA548AF9}.Release|x86.Build.0 = Release|x86
	EndGlobalSection
	GlobalSection(SolutionProperties) = preSolution
		HideSolutionNode = FALSE
	EndGlobalSection
EndGlobal
